// !$*UTF8*$!
{
	archiveVersion = 1;
	classes = {
	};
	objectVersion = 77;
	objects = {

/* Begin PBXContainerItemProxy section */
		80BCE0572D0446B200670555 /* PBXContainerItemProxy */ = {
			isa = PBXContainerItemProxy;
			containerPortal = 80BCE0382D0446B100670555 /* Project object */;
			proxyType = 1;
			remoteGlobalIDString = 80BCE03F2D0446B100670555;
			remoteInfo = "kinda-notesa";
		};
		80BCE0612D0446B200670555 /* PBXContainerItemProxy */ = {
			isa = PBXContainerItemProxy;
			containerPortal = 80BCE0382D0446B100670555 /* Project object */;
			proxyType = 1;
			remoteGlobalIDString = 80BCE03F2D0446B100670555;
			remoteInfo = "kinda-notesa";
		};
/* End PBXContainerItemProxy section */

/* Begin PBXFileReference section */
		80BCE0402D0446B100670555 /* kinda-notesa.app */ = {isa = PBXFileReference; explicitFileType = wrapper.application; includeInIndex = 0; path = "kinda-notesa.app"; sourceTree = BUILT_PRODUCTS_DIR; };
		80BCE0562D0446B200670555 /* kinda-notesaTests.xctest */ = {isa = PBXFileReference; explicitFileType = wrapper.cfbundle; includeInIndex = 0; path = "kinda-notesaTests.xctest"; sourceTree = BUILT_PRODUCTS_DIR; };
		80BCE0602D0446B200670555 /* kinda-notesaUITests.xctest */ = {isa = PBXFileReference; explicitFileType = wrapper.cfbundle; includeInIndex = 0; path = "kinda-notesaUITests.xctest"; sourceTree = BUILT_PRODUCTS_DIR; };
/* End PBXFileReference section */

/* Begin PBXFileSystemSynchronizedBuildFileExceptionSet section */
		80BCE0682D0446B200670555 /* Exceptions for "kinda-notesa" folder in "kinda-notesa" target */ = {
			isa = PBXFileSystemSynchronizedBuildFileExceptionSet;
			membershipExceptions = (
				Info.plist,
			);
			target = 80BCE03F2D0446B100670555 /* kinda-notesa */;
		};
/* End PBXFileSystemSynchronizedBuildFileExceptionSet section */

/* Begin PBXFileSystemSynchronizedRootGroup section */
		80BCE0422D0446B100670555 /* kinda-notesa */ = {
			isa = PBXFileSystemSynchronizedRootGroup;
			exceptions = (
				80BCE0682D0446B200670555 /* Exceptions for "kinda-notesa" folder in "kinda-notesa" target */,
			);
			path = "kinda-notesa";
			sourceTree = "<group>";
		};
		80BCE0592D0446B200670555 /* kinda-notesaTests */ = {
			isa = PBXFileSystemSynchronizedRootGroup;
			path = "kinda-notesaTests";
			sourceTree = "<group>";
		};
		80BCE0632D0446B200670555 /* kinda-notesaUITests */ = {
			isa = PBXFileSystemSynchronizedRootGroup;
			path = "kinda-notesaUITests";
			sourceTree = "<group>";
		};
/* End PBXFileSystemSynchronizedRootGroup section */

/* Begin PBXFrameworksBuildPhase section */
		80BCE03D2D0446B100670555 /* Frameworks */ = {
			isa = PBXFrameworksBuildPhase;
			buildActionMask = 2147483647;
			files = (
			);
			runOnlyForDeploymentPostprocessing = 0;
		};
		80BCE0532D0446B200670555 /* Frameworks */ = {
			isa = PBXFrameworksBuildPhase;
			buildActionMask = 2147483647;
			files = (
			);
			runOnlyForDeploymentPostprocessing = 0;
		};
		80BCE05D2D0446B200670555 /* Frameworks */ = {
			isa = PBXFrameworksBuildPhase;
			buildActionMask = 2147483647;
			files = (
			);
			runOnlyForDeploymentPostprocessing = 0;
		};
/* End PBXFrameworksBuildPhase section */

/* Begin PBXGroup section */
		80BCE0372D0446B100670555 = {
			isa = PBXGroup;
			children = (
				80BCE0422D0446B100670555 /* kinda-notesa */,
				80BCE0592D0446B200670555 /* kinda-notesaTests */,
				80BCE0632D0446B200670555 /* kinda-notesaUITests */,
				80BCE0412D0446B100670555 /* Products */,
			);
			sourceTree = "<group>";
		};
		80BCE0412D0446B100670555 /* Products */ = {
			isa = PBXGroup;
			children = (
				80BCE0402D0446B100670555 /* kinda-notesa.app */,
				80BCE0562D0446B200670555 /* kinda-notesaTests.xctest */,
				80BCE0602D0446B200670555 /* kinda-notesaUITests.xctest */,
			);
			name = Products;
			sourceTree = "<group>";
		};
/* End PBXGroup section */

/* Begin PBXNativeTarget section */
		80BCE03F2D0446B100670555 /* kinda-notesa */ = {
			isa = PBXNativeTarget;
			buildConfigurationList = 80BCE0692D0446B200670555 /* Build configuration list for PBXNativeTarget "kinda-notesa" */;
			buildPhases = (
				80BCE03C2D0446B100670555 /* Sources */,
				80BCE03D2D0446B100670555 /* Frameworks */,
				80BCE03E2D0446B100670555 /* Resources */,
			);
			buildRules = (
			);
			dependencies = (
			);
			fileSystemSynchronizedGroups = (
				80BCE0422D0446B100670555 /* kinda-notesa */,
			);
			name = "kinda-notesa";
			packageProductDependencies = (
			);
			productName = "kinda-notesa";
			productReference = 80BCE0402D0446B100670555 /* kinda-notesa.app */;
			productType = "com.apple.product-type.application";
		};
		80BCE0552D0446B200670555 /* kinda-notesaTests */ = {
			isa = PBXNativeTarget;
			buildConfigurationList = 80BCE06E2D0446B200670555 /* Build configuration list for PBXNativeTarget "kinda-notesaTests" */;
			buildPhases = (
				80BCE0522D0446B200670555 /* Sources */,
				80BCE0532D0446B200670555 /* Frameworks */,
				80BCE0542D0446B200670555 /* Resources */,
			);
			buildRules = (
			);
			dependencies = (
				80BCE0582D0446B200670555 /* PBXTargetDependency */,
			);
			fileSystemSynchronizedGroups = (
				80BCE0592D0446B200670555 /* kinda-notesaTests */,
			);
			name = "kinda-notesaTests";
			packageProductDependencies = (
			);
			productName = "kinda-notesaTests";
			productReference = 80BCE0562D0446B200670555 /* kinda-notesaTests.xctest */;
			productType = "com.apple.product-type.bundle.unit-test";
		};
		80BCE05F2D0446B200670555 /* kinda-notesaUITests */ = {
			isa = PBXNativeTarget;
			buildConfigurationList = 80BCE0712D0446B200670555 /* Build configuration list for PBXNativeTarget "kinda-notesaUITests" */;
			buildPhases = (
				80BCE05C2D0446B200670555 /* Sources */,
				80BCE05D2D0446B200670555 /* Frameworks */,
				80BCE05E2D0446B200670555 /* Resources */,
			);
			buildRules = (
			);
			dependencies = (
				80BCE0622D0446B200670555 /* PBXTargetDependency */,
			);
			fileSystemSynchronizedGroups = (
				80BCE0632D0446B200670555 /* kinda-notesaUITests */,
			);
			name = "kinda-notesaUITests";
			packageProductDependencies = (
			);
			productName = "kinda-notesaUITests";
			productReference = 80BCE0602D0446B200670555 /* kinda-notesaUITests.xctest */;
			productType = "com.apple.product-type.bundle.ui-testing";
		};
/* End PBXNativeTarget section */

/* Begin PBXProject section */
		80BCE0382D0446B100670555 /* Project object */ = {
			isa = PBXProject;
			attributes = {
				BuildIndependentTargetsInParallel = 1;
				LastSwiftUpdateCheck = 1610;
				LastUpgradeCheck = 1610;
				TargetAttributes = {
					80BCE03F2D0446B100670555 = {
						CreatedOnToolsVersion = 16.1;
					};
					80BCE0552D0446B200670555 = {
						CreatedOnToolsVersion = 16.1;
						TestTargetID = 80BCE03F2D0446B100670555;
					};
					80BCE05F2D0446B200670555 = {
						CreatedOnToolsVersion = 16.1;
						TestTargetID = 80BCE03F2D0446B100670555;
					};
				};
			};
			buildConfigurationList = 80BCE03B2D0446B100670555 /* Build configuration list for PBXProject "kinda-notesa" */;
			developmentRegion = en;
			hasScannedForEncodings = 0;
			knownRegions = (
				en,
				Base,
			);
			mainGroup = 80BCE0372D0446B100670555;
			minimizedProjectReferenceProxies = 1;
			preferredProjectObjectVersion = 77;
			productRefGroup = 80BCE0412D0446B100670555 /* Products */;
			projectDirPath = "";
			projectRoot = "";
			targets = (
				80BCE03F2D0446B100670555 /* kinda-notesa */,
				80BCE0552D0446B200670555 /* kinda-notesaTests */,
				80BCE05F2D0446B200670555 /* kinda-notesaUITests */,
			);
		};
/* End PBXProject section */

/* Begin PBXResourcesBuildPhase section */
		80BCE03E2D0446B100670555 /* Resources */ = {
			isa = PBXResourcesBuildPhase;
			buildActionMask = 2147483647;
			files = (
			);
			runOnlyForDeploymentPostprocessing = 0;
		};
		80BCE0542D0446B200670555 /* Resources */ = {
			isa = PBXResourcesBuildPhase;
			buildActionMask = 2147483647;
			files = (
			);
			runOnlyForDeploymentPostprocessing = 0;
		};
		80BCE05E2D0446B200670555 /* Resources */ = {
			isa = PBXResourcesBuildPhase;
			buildActionMask = 2147483647;
			files = (
			);
			runOnlyForDeploymentPostprocessing = 0;
		};
/* End PBXResourcesBuildPhase section */

/* Begin PBXSourcesBuildPhase section */
		80BCE03C2D0446B100670555 /* Sources */ = {
			isa = PBXSourcesBuildPhase;
			buildActionMask = 2147483647;
			files = (
			);
			runOnlyForDeploymentPostprocessing = 0;
		};
		80BCE0522D0446B200670555 /* Sources */ = {
			isa = PBXSourcesBuildPhase;
			buildActionMask = 2147483647;
			files = (
			);
			runOnlyForDeploymentPostprocessing = 0;
		};
		80BCE05C2D0446B200670555 /* Sources */ = {
			isa = PBXSourcesBuildPhase;
			buildActionMask = 2147483647;
			files = (
			);
			runOnlyForDeploymentPostprocessing = 0;
		};
/* End PBXSourcesBuildPhase section */

/* Begin PBXTargetDependency section */
		80BCE0582D0446B200670555 /* PBXTargetDependency */ = {
			isa = PBXTargetDependency;
			target = 80BCE03F2D0446B100670555 /* kinda-notesa */;
			targetProxy = 80BCE0572D0446B200670555 /* PBXContainerItemProxy */;
		};
		80BCE0622D0446B200670555 /* PBXTargetDependency */ = {
			isa = PBXTargetDependency;
			target = 80BCE03F2D0446B100670555 /* kinda-notesa */;
			targetProxy = 80BCE0612D0446B200670555 /* PBXContainerItemProxy */;
		};
/* End PBXTargetDependency section */

/* Begin XCBuildConfiguration section */
		80BCE06A2D0446B200670555 /* Debug */ = {
			isa = XCBuildConfiguration;
			buildSettings = {
				ASSETCATALOG_COMPILER_APPICON_NAME = AppIcon;
				ASSETCATALOG_COMPILER_GLOBAL_ACCENT_COLOR_NAME = AccentColor;
				CODE_SIGN_STYLE = Automatic;
				CURRENT_PROJECT_VERSION = 1;
				GENERATE_INFOPLIST_FILE = YES;
				INFOPLIST_FILE = "kinda-notesa/Info.plist";
				INFOPLIST_KEY_UIApplicationSupportsIndirectInputEvents = YES;
				INFOPLIST_KEY_UILaunchStoryboardName = LaunchScreen;
				INFOPLIST_KEY_UIMainStoryboardFile = Main;
				INFOPLIST_KEY_UISupportedInterfaceOrientations_iPad = "UIInterfaceOrientationPortrait UIInterfaceOrientationPortraitUpsideDown UIInterfaceOrientationLandscapeLeft UIInterfaceOrientationLandscapeRight";
				INFOPLIST_KEY_UISupportedInterfaceOrientations_iPhone = "UIInterfaceOrientationPortrait UIInterfaceOrientationLandscapeLeft UIInterfaceOrientationLandscapeRight";
				LD_RUNPATH_SEARCH_PATHS = (
					"$(inherited)",
					"@executable_path/Frameworks",
				);
				MARKETING_VERSION = 1.0;
				PRODUCT_BUNDLE_IDENTIFIER = "com.kipa.kinda-notesa";
				PRODUCT_NAME = "$(TARGET_NAME)";
				SWIFT_EMIT_LOC_STRINGS = YES;
				SWIFT_VERSION = 5.0;
				TARGETED_DEVICE_FAMILY = "1,2";
			};
			name = Debug;
		};
		80BCE06B2D0446B200670555 /* Release */ = {
			isa = XCBuildConfiguration;
			buildSettings = {
				ASSETCATALOG_COMPILER_APPICON_NAME = AppIcon;
				ASSETCATALOG_COMPILER_GLOBAL_ACCENT_COLOR_NAME = AccentColor;
				CODE_SIGN_STYLE = Automatic;
				CURRENT_PROJECT_VERSION = 1;
				GENERATE_INFOPLIST_FILE = YES;
				INFOPLIST_FILE = "kinda-notesa/Info.plist";
				INFOPLIST_KEY_UIApplicationSupportsIndirectInputEvents = YES;
				INFOPLIST_KEY_UILaunchStoryboardName = LaunchScreen;
				INFOPLIST_KEY_UIMainStoryboardFile = Main;
				INFOPLIST_KEY_UISupportedInterfaceOrientations_iPad = "UIInterfaceOrientationPortrait UIInterfaceOrientationPortraitUpsideDown UIInterfaceOrientationLandscapeLeft UIInterfaceOrientationLandscapeRight";
				INFOPLIST_KEY_UISupportedInterfaceOrientations_iPhone = "UIInterfaceOrientationPortrait UIInterfaceOrientationLandscapeLeft UIInterfaceOrientationLandscapeRight";
				LD_RUNPATH_SEARCH_PATHS = (
					"$(inherited)",
					"@executable_path/Frameworks",
				);
				MARKETING_VERSION = 1.0;
				PRODUCT_BUNDLE_IDENTIFIER = "com.kipa.kinda-notesa";
				PRODUCT_NAME = "$(TARGET_NAME)";
				SWIFT_EMIT_LOC_STRINGS = YES;
				SWIFT_VERSION = 5.0;
				TARGETED_DEVICE_FAMILY = "1,2";
			};
			name = Release;
		};
		80BCE06C2D0446B200670555 /* Debug */ = {
			isa = XCBuildConfiguration;
			buildSettings = {
				ALWAYS_SEARCH_USER_PATHS = NO;
				ASSETCATALOG_COMPILER_GENERATE_SWIFT_ASSET_SYMBOL_EXTENSIONS = YES;
				CLANG_ANALYZER_NONNULL = YES;
				CLANG_ANALYZER_NUMBER_OBJECT_CONVERSION = YES_AGGRESSIVE;
				CLANG_CXX_LANGUAGE_STANDARD = "gnu++20";
				CLANG_ENABLE_MODULES = YES;
				CLANG_ENABLE_OBJC_ARC = YES;
				CLANG_ENABLE_OBJC_WEAK = YES;
				CLANG_WARN_BLOCK_CAPTURE_AUTORELEASING = YES;
				CLANG_WARN_BOOL_CONVERSION = YES;
				CLANG_WARN_COMMA = YES;
				CLANG_WARN_CONSTANT_CONVERSION = YES;
				CLANG_WARN_DEPRECATED_OBJC_IMPLEMENTATIONS = YES;
				CLANG_WARN_DIRECT_OBJC_ISA_USAGE = YES_ERROR;
				CLANG_WARN_DOCUMENTATION_COMMENTS = YES;
				CLANG_WARN_EMPTY_BODY = YES;
				CLANG_WARN_ENUM_CONVERSION = YES;
				CLANG_WARN_INFINITE_RECURSION = YES;
				CLANG_WARN_INT_CONVERSION = YES;
				CLANG_WARN_NON_LITERAL_NULL_CONVERSION = YES;
				CLANG_WARN_OBJC_IMPLICIT_RETAIN_SELF = YES;
				CLANG_WARN_OBJC_LITERAL_CONVERSION = YES;
				CLANG_WARN_OBJC_ROOT_CLASS = YES_ERROR;
				CLANG_WARN_QUOTED_INCLUDE_IN_FRAMEWORK_HEADER = YES;
				CLANG_WARN_RANGE_LOOP_ANALYSIS = YES;
				CLANG_WARN_STRICT_PROTOTYPES = YES;
				CLANG_WARN_SUSPICIOUS_MOVE = YES;
				CLANG_WARN_UNGUARDED_AVAILABILITY = YES_AGGRESSIVE;
				CLANG_WARN_UNREACHABLE_CODE = YES;
				CLANG_WARN__DUPLICATE_METHOD_MATCH = YES;
				COPY_PHASE_STRIP = NO;
				DEBUG_INFORMATION_FORMAT = dwarf;
				ENABLE_STRICT_OBJC_MSGSEND = YES;
				ENABLE_TESTABILITY = YES;
				ENABLE_USER_SCRIPT_SANDBOXING = YES;
				GCC_C_LANGUAGE_STANDARD = gnu17;
				GCC_DYNAMIC_NO_PIC = NO;
				GCC_NO_COMMON_BLOCKS = YES;
				GCC_OPTIMIZATION_LEVEL = 0;
				GCC_PREPROCESSOR_DEFINITIONS = (
					"DEBUG=1",
					"$(inherited)",
				);
				GCC_WARN_64_TO_32_BIT_CONVERSION = YES;
				GCC_WARN_ABOUT_RETURN_TYPE = YES_ERROR;
				GCC_WARN_UNDECLARED_SELECTOR = YES;
				GCC_WARN_UNINITIALIZED_AUTOS = YES_AGGRESSIVE;
				GCC_WARN_UNUSED_FUNCTION = YES;
				GCC_WARN_UNUSED_VARIABLE = YES;
				IPHONEOS_DEPLOYMENT_TARGET = 18.1;
				LOCALIZATION_PREFERS_STRING_CATALOGS = YES;
				MTL_ENABLE_DEBUG_INFO = INCLUDE_SOURCE;
				MTL_FAST_MATH = YES;
				ONLY_ACTIVE_ARCH = YES;
				SDKROOT = iphoneos;
				SWIFT_ACTIVE_COMPILATION_CONDITIONS = "DEBUG $(inherited)";
				SWIFT_OPTIMIZATION_LEVEL = "-Onone";
			};
			name = Debug;
		};
		80BCE06D2D0446B200670555 /* Release */ = {
			isa = XCBuildConfiguration;
			buildSettings = {
				ALWAYS_SEARCH_USER_PATHS = NO;
				ASSETCATALOG_COMPILER_GENERATE_SWIFT_ASSET_SYMBOL_EXTENSIONS = YES;
				CLANG_ANALYZER_NONNULL = YES;
				CLANG_ANALYZER_NUMBER_OBJECT_CONVERSION = YES_AGGRESSIVE;
				CLANG_CXX_LANGUAGE_STANDARD = "gnu++20";
				CLANG_ENABLE_MODULES = YES;
				CLANG_ENABLE_OBJC_ARC = YES;
				CLANG_ENABLE_OBJC_WEAK = YES;
				CLANG_WARN_BLOCK_CAPTURE_AUTORELEASING = YES;
				CLANG_WARN_BOOL_CONVERSION = YES;
				CLANG_WARN_COMMA = YES;
				CLANG_WARN_CONSTANT_CONVERSION = YES;
				CLANG_WARN_DEPRECATED_OBJC_IMPLEMENTATIONS = YES;
				CLANG_WARN_DIRECT_OBJC_ISA_USAGE = YES_ERROR;
				CLANG_WARN_DOCUMENTATION_COMMENTS = YES;
				CLANG_WARN_EMPTY_BODY = YES;
				CLANG_WARN_ENUM_CONVERSION = YES;
				CLANG_WARN_INFINITE_RECURSION = YES;
				CLANG_WARN_INT_CONVERSION = YES;
				CLANG_WARN_NON_LITERAL_NULL_CONVERSION = YES;
				CLANG_WARN_OBJC_IMPLICIT_RETAIN_SELF = YES;
				CLANG_WARN_OBJC_LITERAL_CONVERSION = YES;
				CLANG_WARN_OBJC_ROOT_CLASS = YES_ERROR;
				CLANG_WARN_QUOTED_INCLUDE_IN_FRAMEWORK_HEADER = YES;
				CLANG_WARN_RANGE_LOOP_ANALYSIS = YES;
				CLANG_WARN_STRICT_PROTOTYPES = YES;
				CLANG_WARN_SUSPICIOUS_MOVE = YES;
				CLANG_WARN_UNGUARDED_AVAILABILITY = YES_AGGRESSIVE;
				CLANG_WARN_UNREACHABLE_CODE = YES;
				CLANG_WARN__DUPLICATE_METHOD_MATCH = YES;
				COPY_PHASE_STRIP = NO;
				DEBUG_INFORMATION_FORMAT = "dwarf-with-dsym";
				ENABLE_NS_ASSERTIONS = NO;
				ENABLE_STRICT_OBJC_MSGSEND = YES;
				ENABLE_USER_SCRIPT_SANDBOXING = YES;
				GCC_C_LANGUAGE_STANDARD = gnu17;
				GCC_NO_COMMON_BLOCKS = YES;
				GCC_WARN_64_TO_32_BIT_CONVERSION = YES;
				GCC_WARN_ABOUT_RETURN_TYPE = YES_ERROR;
				GCC_WARN_UNDECLARED_SELECTOR = YES;
				GCC_WARN_UNINITIALIZED_AUTOS = YES_AGGRESSIVE;
				GCC_WARN_UNUSED_FUNCTION = YES;
				GCC_WARN_UNUSED_VARIABLE = YES;
				IPHONEOS_DEPLOYMENT_TARGET = 18.1;
				LOCALIZATION_PREFERS_STRING_CATALOGS = YES;
				MTL_ENABLE_DEBUG_INFO = NO;
				MTL_FAST_MATH = YES;
				SDKROOT = iphoneos;
				SWIFT_COMPILATION_MODE = wholemodule;
				VALIDATE_PRODUCT = YES;
			};
			name = Release;
		};
		80BCE06F2D0446B200670555 /* Debug */ = {
			isa = XCBuildConfiguration;
			buildSettings = {
				BUNDLE_LOADER = "$(TEST_HOST)";
				CODE_SIGN_STYLE = Automatic;
				CURRENT_PROJECT_VERSION = 1;
				GENERATE_INFOPLIST_FILE = YES;
				IPHONEOS_DEPLOYMENT_TARGET = 18.1;
				MARKETING_VERSION = 1.0;
				PRODUCT_BUNDLE_IDENTIFIER = "com.kipa.kinda-notesaTests";
				PRODUCT_NAME = "$(TARGET_NAME)";
				SWIFT_EMIT_LOC_STRINGS = NO;
				SWIFT_VERSION = 5.0;
				TARGETED_DEVICE_FAMILY = "1,2";
				TEST_HOST = "$(BUILT_PRODUCTS_DIR)/kinda-notesa.app/$(BUNDLE_EXECUTABLE_FOLDER_PATH)/kinda-notesa";
			};
			name = Debug;
		};
		80BCE0702D0446B200670555 /* Release */ = {
			isa = XCBuildConfiguration;
			buildSettings = {
				BUNDLE_LOADER = "$(TEST_HOST)";
				CODE_SIGN_STYLE = Automatic;
				CURRENT_PROJECT_VERSION = 1;
				GENERATE_INFOPLIST_FILE = YES;
				IPHONEOS_DEPLOYMENT_TARGET = 18.1;
				MARKETING_VERSION = 1.0;
				PRODUCT_BUNDLE_IDENTIFIER = "com.kipa.kinda-notesaTests";
				PRODUCT_NAME = "$(TARGET_NAME)";
				SWIFT_EMIT_LOC_STRINGS = NO;
				SWIFT_VERSION = 5.0;
				TARGETED_DEVICE_FAMILY = "1,2";
				TEST_HOST = "$(BUILT_PRODUCTS_DIR)/kinda-notesa.app/$(BUNDLE_EXECUTABLE_FOLDER_PATH)/kinda-notesa";
			};
			name = Release;
		};
		80BCE0722D0446B200670555 /* Debug */ = {
			isa = XCBuildConfiguration;
			buildSettings = {
				CODE_SIGN_STYLE = Automatic;
				CURRENT_PROJECT_VERSION = 1;
				GENERATE_INFOPLIST_FILE = YES;
				MARKETING_VERSION = 1.0;
				PRODUCT_BUNDLE_IDENTIFIER = "com.kipa.kinda-notesaUITests";
				PRODUCT_NAME = "$(TARGET_NAME)";
				SWIFT_EMIT_LOC_STRINGS = NO;
				SWIFT_VERSION = 5.0;
				TARGETED_DEVICE_FAMILY = "1,2";
				TEST_TARGET_NAME = "kinda-notesa";
			};
			name = Debug;
		};
		80BCE0732D0446B200670555 /* Release */ = {
			isa = XCBuildConfiguration;
			buildSettings = {
				CODE_SIGN_STYLE = Automatic;
				CURRENT_PROJECT_VERSION = 1;
				GENERATE_INFOPLIST_FILE = YES;
				MARKETING_VERSION = 1.0;
				PRODUCT_BUNDLE_IDENTIFIER = "com.kipa.kinda-notesaUITests";
				PRODUCT_NAME = "$(TARGET_NAME)";
				SWIFT_EMIT_LOC_STRINGS = NO;
				SWIFT_VERSION = 5.0;
				TARGETED_DEVICE_FAMILY = "1,2";
				TEST_TARGET_NAME = "kinda-notesa";
			};
			name = Release;
		};
/* End XCBuildConfiguration section */

/* Begin XCConfigurationList section */
		80BCE03B2D0446B100670555 /* Build configuration list for PBXProject "kinda-notesa" */ = {
			isa = XCConfigurationList;
			buildConfigurations = (
				80BCE06C2D0446B200670555 /* Debug */,
				80BCE06D2D0446B200670555 /* Release */,
			);
			defaultConfigurationIsVisible = 0;
			defaultConfigurationName = Release;
		};
		80BCE0692D0446B200670555 /* Build configuration list for PBXNativeTarget "kinda-notesa" */ = {
			isa = XCConfigurationList;
			buildConfigurations = (
				80BCE06A2D0446B200670555 /* Debug */,
				80BCE06B2D0446B200670555 /* Release */,
			);
			defaultConfigurationIsVisible = 0;
			defaultConfigurationName = Release;
		};
		80BCE06E2D0446B200670555 /* Build configuration list for PBXNativeTarget "kinda-notesaTests" */ = {
			isa = XCConfigurationList;
			buildConfigurations = (
				80BCE06F2D0446B200670555 /* Debug */,
				80BCE0702D0446B200670555 /* Release */,
			);
			defaultConfigurationIsVisible = 0;
			defaultConfigurationName = Release;
		};
		80BCE0712D0446B200670555 /* Build configuration list for PBXNativeTarget "kinda-notesaUITests" */ = {
			isa = XCConfigurationList;
			buildConfigurations = (
				80BCE0722D0446B200670555 /* Debug */,
				80BCE0732D0446B200670555 /* Release */,
			);
			defaultConfigurationIsVisible = 0;
			defaultConfigurationName = Release;
		};
/* End XCConfigurationList section */
	};
	rootObject = 80BCE0382D0446B100670555 /* Project object */;
}
